
Microsoft Visual Studio Solution File, Format Version 12.00
# Visual Studio Version 17
VisualStudioVersion = 17.11.35327.3
MinimumVisualStudioVersion = 10.0.40219.1
Project("{9A19103F-16F7-4668-BE54-9A1E7A4F7556}") = "BlazorEAD3", "BlazorEAD3.csproj", "{BFF03B25-1BA0-4847-96CC-8C85E2F06F44}"
EndProject
Global
	GlobalSection(SolutionConfigurationPlatforms) = preSolution
		Debug|Any CPU = Debug|Any CPU
		Release|Any CPU = Release|Any CPU
	EndGlobalSection
	GlobalSection(ProjectConfigurationPlatforms) = postSolution
		{BFF03B25-1BA0-4847-96CC-8C85E2F06F44}.Debug|Any CPU.ActiveCfg = Debug|Any CPU
		{BFF03B25-1BA0-4847-96CC-8C85E2F06F44}.Debug|Any CPU.Build.0 = Debug|Any CPU
		{BFF03B25-1BA0-4847-96CC-8C85E2F06F44}.Release|Any CPU.ActiveCfg = Release|Any CPU
		{BFF03B25-1BA0-4847-96CC-8C85E2F06F44}.Release|Any CPU.Build.0 = Release|Any CPU
	EndGlobalSection
	GlobalSection(SolutionProperties) = preSolution
		HideSolutionNode = FALSE
	EndGlobalSection
	GlobalSection(ExtensibilityGlobals) = postSolution
		SolutionGuid = {62AF0A9A-7FE8-48A3-93D8-48E7451A7BDD}
	EndGlobalSection
EndGlobal
